// !$*UTF8*$!
{
	archiveVersion = 1;
	classes = {
	};
	objectVersion = 56;
	objects = {

/* Begin PBXBuildFile section */
		1FD614B82BEDA2350089056B /* Theme.swift in Sources */ = {isa = PBXBuildFile; fileRef = 1FD614B72BEDA2350089056B /* Theme.swift */; };
		1FD614BA2BEDB5EF0089056B /* DailyScrum.swift in Sources */ = {isa = PBXBuildFile; fileRef = 1FD614B92BEDB5EF0089056B /* DailyScrum.swift */; };
		1FD614BC2BEDBBBA0089056B /* CardView.swift in Sources */ = {isa = PBXBuildFile; fileRef = 1FD614BB2BEDBBBA0089056B /* CardView.swift */; };
		1FD614BE2BEDE4C90089056B /* TrailingIconLabelStyle.swift in Sources */ = {isa = PBXBuildFile; fileRef = 1FD614BD2BEDE4C90089056B /* TrailingIconLabelStyle.swift */; };
		1FD614C02BEE09C90089056B /* ScrumsView.swift in Sources */ = {isa = PBXBuildFile; fileRef = 1FD614BF2BEE09C90089056B /* ScrumsView.swift */; };
		1FD614C22BEF15F40089056B /* DetailView.swift in Sources */ = {isa = PBXBuildFile; fileRef = 1FD614C12BEF15F40089056B /* DetailView.swift */; };
		1FD614C42BEF729E0089056B /* DetailEditView.swift in Sources */ = {isa = PBXBuildFile; fileRef = 1FD614C32BEF729E0089056B /* DetailEditView.swift */; };
		1FE2675C2BEB788C00B360F5 /* ScrumdingerApp.swift in Sources */ = {isa = PBXBuildFile; fileRef = 1FE2675B2BEB788C00B360F5 /* ScrumdingerApp.swift */; };
		1FE2675E2BEB788C00B360F5 /* MeetingView.swift in Sources */ = {isa = PBXBuildFile; fileRef = 1FE2675D2BEB788C00B360F5 /* MeetingView.swift */; };
		1FE267602BEB788D00B360F5 /* Assets.xcassets in Resources */ = {isa = PBXBuildFile; fileRef = 1FE2675F2BEB788D00B360F5 /* Assets.xcassets */; };
		1FE267632BEB788D00B360F5 /* Preview Assets.xcassets in Resources */ = {isa = PBXBuildFile; fileRef = 1FE267622BEB788D00B360F5 /* Preview Assets.xcassets */; };
		1FE2676D2BEB788D00B360F5 /* ScrumdingerTests.swift in Sources */ = {isa = PBXBuildFile; fileRef = 1FE2676C2BEB788D00B360F5 /* ScrumdingerTests.swift */; };
		1FE267772BEB788D00B360F5 /* ScrumdingerUITests.swift in Sources */ = {isa = PBXBuildFile; fileRef = 1FE267762BEB788D00B360F5 /* ScrumdingerUITests.swift */; };
		1FE267792BEB788D00B360F5 /* ScrumdingerUITestsLaunchTests.swift in Sources */ = {isa = PBXBuildFile; fileRef = 1FE267782BEB788D00B360F5 /* ScrumdingerUITestsLaunchTests.swift */; };
/* End PBXBuildFile section */

/* Begin PBXContainerItemProxy section */
		1FE267692BEB788D00B360F5 /* PBXContainerItemProxy */ = {
			isa = PBXContainerItemProxy;
			containerPortal = 1FE267502BEB788C00B360F5 /* Project object */;
			proxyType = 1;
			remoteGlobalIDString = 1FE267572BEB788C00B360F5;
			remoteInfo = Scrumdinger;
		};
		1FE267732BEB788D00B360F5 /* PBXContainerItemProxy */ = {
			isa = PBXContainerItemProxy;
			containerPortal = 1FE267502BEB788C00B360F5 /* Project object */;
			proxyType = 1;
			remoteGlobalIDString = 1FE267572BEB788C00B360F5;
			remoteInfo = Scrumdinger;
		};
/* End PBXContainerItemProxy section */

/* Begin PBXFileReference section */
		1FD614B72BEDA2350089056B /* Theme.swift */ = {isa = PBXFileReference; lastKnownFileType = sourcecode.swift; path = Theme.swift; sourceTree = "<group>"; };
		1FD614B92BEDB5EF0089056B /* DailyScrum.swift */ = {isa = PBXFileReference; lastKnownFileType = sourcecode.swift; path = DailyScrum.swift; sourceTree = "<group>"; };
		1FD614BB2BEDBBBA0089056B /* CardView.swift */ = {isa = PBXFileReference; lastKnownFileType = sourcecode.swift; path = CardView.swift; sourceTree = "<group>"; };
		1FD614BD2BEDE4C90089056B /* TrailingIconLabelStyle.swift */ = {isa = PBXFileReference; lastKnownFileType = sourcecode.swift; path = TrailingIconLabelStyle.swift; sourceTree = "<group>"; };
		1FD614BF2BEE09C90089056B /* ScrumsView.swift */ = {isa = PBXFileReference; lastKnownFileType = sourcecode.swift; path = ScrumsView.swift; sourceTree = "<group>"; };
		1FD614C12BEF15F40089056B /* DetailView.swift */ = {isa = PBXFileReference; lastKnownFileType = sourcecode.swift; path = DetailView.swift; sourceTree = "<group>"; };
		1FD614C32BEF729E0089056B /* DetailEditView.swift */ = {isa = PBXFileReference; lastKnownFileType = sourcecode.swift; path = DetailEditView.swift; sourceTree = "<group>"; };
		1FE267582BEB788C00B360F5 /* Scrumdinger.app */ = {isa = PBXFileReference; explicitFileType = wrapper.application; includeInIndex = 0; path = Scrumdinger.app; sourceTree = BUILT_PRODUCTS_DIR; };
		1FE2675B2BEB788C00B360F5 /* ScrumdingerApp.swift */ = {isa = PBXFileReference; lastKnownFileType = sourcecode.swift; path = ScrumdingerApp.swift; sourceTree = "<group>"; };
		1FE2675D2BEB788C00B360F5 /* MeetingView.swift */ = {isa = PBXFileReference; lastKnownFileType = sourcecode.swift; path = MeetingView.swift; sourceTree = "<group>"; };
		1FE2675F2BEB788D00B360F5 /* Assets.xcassets */ = {isa = PBXFileReference; lastKnownFileType = folder.assetcatalog; path = Assets.xcassets; sourceTree = "<group>"; };
		1FE267622BEB788D00B360F5 /* Preview Assets.xcassets */ = {isa = PBXFileReference; lastKnownFileType = folder.assetcatalog; path = "Preview Assets.xcassets"; sourceTree = "<group>"; };
		1FE267682BEB788D00B360F5 /* ScrumdingerTests.xctest */ = {isa = PBXFileReference; explicitFileType = wrapper.cfbundle; includeInIndex = 0; path = ScrumdingerTests.xctest; sourceTree = BUILT_PRODUCTS_DIR; };
		1FE2676C2BEB788D00B360F5 /* ScrumdingerTests.swift */ = {isa = PBXFileReference; lastKnownFileType = sourcecode.swift; path = ScrumdingerTests.swift; sourceTree = "<group>"; };
		1FE267722BEB788D00B360F5 /* ScrumdingerUITests.xctest */ = {isa = PBXFileReference; explicitFileType = wrapper.cfbundle; includeInIndex = 0; path = ScrumdingerUITests.xctest; sourceTree = BUILT_PRODUCTS_DIR; };
		1FE267762BEB788D00B360F5 /* ScrumdingerUITests.swift */ = {isa = PBXFileReference; lastKnownFileType = sourcecode.swift; path = ScrumdingerUITests.swift; sourceTree = "<group>"; };
		1FE267782BEB788D00B360F5 /* ScrumdingerUITestsLaunchTests.swift */ = {isa = PBXFileReference; lastKnownFileType = sourcecode.swift; path = ScrumdingerUITestsLaunchTests.swift; sourceTree = "<group>"; };
/* End PBXFileReference section */

/* Begin PBXFrameworksBuildPhase section */
		1FE267552BEB788C00B360F5 /* Frameworks */ = {
			isa = PBXFrameworksBuildPhase;
			buildActionMask = 2147483647;
			files = (
			);
			runOnlyForDeploymentPostprocessing = 0;
		};
		1FE267652BEB788D00B360F5 /* Frameworks */ = {
			isa = PBXFrameworksBuildPhase;
			buildActionMask = 2147483647;
			files = (
			);
			runOnlyForDeploymentPostprocessing = 0;
		};
		1FE2676F2BEB788D00B360F5 /* Frameworks */ = {
			isa = PBXFrameworksBuildPhase;
			buildActionMask = 2147483647;
			files = (
			);
			runOnlyForDeploymentPostprocessing = 0;
		};
/* End PBXFrameworksBuildPhase section */

/* Begin PBXGroup section */
		1FD614B62BEDA21B0089056B /* Models */ = {
			isa = PBXGroup;
			children = (
				1FD614B72BEDA2350089056B /* Theme.swift */,
				1FD614B92BEDB5EF0089056B /* DailyScrum.swift */,
				1FD614BD2BEDE4C90089056B /* TrailingIconLabelStyle.swift */,
			);
			path = Models;
			sourceTree = "<group>";
		};
		1FE2674F2BEB788C00B360F5 = {
			isa = PBXGroup;
			children = (
				1FE2675A2BEB788C00B360F5 /* Scrumdinger */,
				1FE2676B2BEB788D00B360F5 /* ScrumdingerTests */,
				1FE267752BEB788D00B360F5 /* ScrumdingerUITests */,
				1FE267592BEB788C00B360F5 /* Products */,
			);
			sourceTree = "<group>";
		};
		1FE267592BEB788C00B360F5 /* Products */ = {
			isa = PBXGroup;
			children = (
				1FE267582BEB788C00B360F5 /* Scrumdinger.app */,
				1FE267682BEB788D00B360F5 /* ScrumdingerTests.xctest */,
				1FE267722BEB788D00B360F5 /* ScrumdingerUITests.xctest */,
			);
			name = Products;
			sourceTree = "<group>";
		};
		1FE2675A2BEB788C00B360F5 /* Scrumdinger */ = {
			isa = PBXGroup;
			children = (
				1FD614B62BEDA21B0089056B /* Models */,
				1FE2675B2BEB788C00B360F5 /* ScrumdingerApp.swift */,
				1FE2675D2BEB788C00B360F5 /* MeetingView.swift */,
				1FE2675F2BEB788D00B360F5 /* Assets.xcassets */,
				1FE267612BEB788D00B360F5 /* Preview Content */,
				1FD614BB2BEDBBBA0089056B /* CardView.swift */,
				1FD614BF2BEE09C90089056B /* ScrumsView.swift */,
				1FD614C12BEF15F40089056B /* DetailView.swift */,
				1FD614C32BEF729E0089056B /* DetailEditView.swift */,
			);
			path = Scrumdinger;
			sourceTree = "<group>";
		};
		1FE267612BEB788D00B360F5 /* Preview Content */ = {
			isa = PBXGroup;
			children = (
				1FE267622BEB788D00B360F5 /* Preview Assets.xcassets */,
			);
			path = "Preview Content";
			sourceTree = "<group>";
		};
		1FE2676B2BEB788D00B360F5 /* ScrumdingerTests */ = {
			isa = PBXGroup;
			children = (
				1FE2676C2BEB788D00B360F5 /* ScrumdingerTests.swift */,
			);
			path = ScrumdingerTests;
			sourceTree = "<group>";
		};
		1FE267752BEB788D00B360F5 /* ScrumdingerUITests */ = {
			isa = PBXGroup;
			children = (
				1FE267762BEB788D00B360F5 /* ScrumdingerUITests.swift */,
				1FE267782BEB788D00B360F5 /* ScrumdingerUITestsLaunchTests.swift */,
			);
			path = ScrumdingerUITests;
			sourceTree = "<group>";
		};
/* End PBXGroup section */

/* Begin PBXNativeTarget section */
		1FE267572BEB788C00B360F5 /* Scrumdinger */ = {
			isa = PBXNativeTarget;
			buildConfigurationList = 1FE2677C2BEB788D00B360F5 /* Build configuration list for PBXNativeTarget "Scrumdinger" */;
			buildPhases = (
				1FE267542BEB788C00B360F5 /* Sources */,
				1FE267552BEB788C00B360F5 /* Frameworks */,
				1FE267562BEB788C00B360F5 /* Resources */,
			);
			buildRules = (
			);
			dependencies = (
			);
			name = Scrumdinger;
			productName = Scrumdinger;
			productReference = 1FE267582BEB788C00B360F5 /* Scrumdinger.app */;
			productType = "com.apple.product-type.application";
		};
		1FE267672BEB788D00B360F5 /* ScrumdingerTests */ = {
			isa = PBXNativeTarget;
			buildConfigurationList = 1FE2677F2BEB788D00B360F5 /* Build configuration list for PBXNativeTarget "ScrumdingerTests" */;
			buildPhases = (
				1FE267642BEB788D00B360F5 /* Sources */,
				1FE267652BEB788D00B360F5 /* Frameworks */,
				1FE267662BEB788D00B360F5 /* Resources */,
			);
			buildRules = (
			);
			dependencies = (
				1FE2676A2BEB788D00B360F5 /* PBXTargetDependency */,
			);
			name = ScrumdingerTests;
			productName = ScrumdingerTests;
			productReference = 1FE267682BEB788D00B360F5 /* ScrumdingerTests.xctest */;
			productType = "com.apple.product-type.bundle.unit-test";
		};
		1FE267712BEB788D00B360F5 /* ScrumdingerUITests */ = {
			isa = PBXNativeTarget;
			buildConfigurationList = 1FE267822BEB788D00B360F5 /* Build configuration list for PBXNativeTarget "ScrumdingerUITests" */;
			buildPhases = (
				1FE2676E2BEB788D00B360F5 /* Sources */,
				1FE2676F2BEB788D00B360F5 /* Frameworks */,
				1FE267702BEB788D00B360F5 /* Resources */,
			);
			buildRules = (
			);
			dependencies = (
				1FE267742BEB788D00B360F5 /* PBXTargetDependency */,
			);
			name = ScrumdingerUITests;
			productName = ScrumdingerUITests;
			productReference = 1FE267722BEB788D00B360F5 /* ScrumdingerUITests.xctest */;
			productType = "com.apple.product-type.bundle.ui-testing";
		};
/* End PBXNativeTarget section */

/* Begin PBXProject section */
		1FE267502BEB788C00B360F5 /* Project object */ = {
			isa = PBXProject;
			attributes = {
				BuildIndependentTargetsInParallel = 1;
				LastSwiftUpdateCheck = 1530;
				LastUpgradeCheck = 1530;
				TargetAttributes = {
					1FE267572BEB788C00B360F5 = {
						CreatedOnToolsVersion = 15.3;
					};
					1FE267672BEB788D00B360F5 = {
						CreatedOnToolsVersion = 15.3;
						TestTargetID = 1FE267572BEB788C00B360F5;
					};
					1FE267712BEB788D00B360F5 = {
						CreatedOnToolsVersion = 15.3;
						TestTargetID = 1FE267572BEB788C00B360F5;
					};
				};
			};
			buildConfigurationList = 1FE267532BEB788C00B360F5 /* Build configuration list for PBXProject "Scrumdinger" */;
			compatibilityVersion = "Xcode 14.0";
			developmentRegion = en;
			hasScannedForEncodings = 0;
			knownRegions = (
				en,
				Base,
			);
			mainGroup = 1FE2674F2BEB788C00B360F5;
			productRefGroup = 1FE267592BEB788C00B360F5 /* Products */;
			projectDirPath = "";
			projectRoot = "";
			targets = (
				1FE267572BEB788C00B360F5 /* Scrumdinger */,
				1FE267672BEB788D00B360F5 /* ScrumdingerTests */,
				1FE267712BEB788D00B360F5 /* ScrumdingerUITests */,
			);
		};
/* End PBXProject section */

/* Begin PBXResourcesBuildPhase section */
		1FE267562BEB788C00B360F5 /* Resources */ = {
			isa = PBXResourcesBuildPhase;
			buildActionMask = 2147483647;
			files = (
				1FE267632BEB788D00B360F5 /* Preview Assets.xcassets in Resources */,
				1FE267602BEB788D00B360F5 /* Assets.xcassets in Resources */,
			);
			runOnlyForDeploymentPostprocessing = 0;
		};
		1FE267662BEB788D00B360F5 /* Resources */ = {
			isa = PBXResourcesBuildPhase;
			buildActionMask = 2147483647;
			files = (
			);
			runOnlyForDeploymentPostprocessing = 0;
		};
		1FE267702BEB788D00B360F5 /* Resources */ = {
			isa = PBXResourcesBuildPhase;
			buildActionMask = 2147483647;
			files = (
			);
			runOnlyForDeploymentPostprocessing = 0;
		};
/* End PBXResourcesBuildPhase section */

/* Begin PBXSourcesBuildPhase section */
		1FE267542BEB788C00B360F5 /* Sources */ = {
			isa = PBXSourcesBuildPhase;
			buildActionMask = 2147483647;
			files = (
				1FD614BA2BEDB5EF0089056B /* DailyScrum.swift in Sources */,
				1FD614C22BEF15F40089056B /* DetailView.swift in Sources */,
				1FD614C42BEF729E0089056B /* DetailEditView.swift in Sources */,
				1FD614BE2BEDE4C90089056B /* TrailingIconLabelStyle.swift in Sources */,
				1FD614B82BEDA2350089056B /* Theme.swift in Sources */,
				1FD614C02BEE09C90089056B /* ScrumsView.swift in Sources */,
				1FE2675E2BEB788C00B360F5 /* MeetingView.swift in Sources */,
				1FE2675C2BEB788C00B360F5 /* ScrumdingerApp.swift in Sources */,
				1FD614BC2BEDBBBA0089056B /* CardView.swift in Sources */,
			);
			runOnlyForDeploymentPostprocessing = 0;
		};
		1FE267642BEB788D00B360F5 /* Sources */ = {
			isa = PBXSourcesBuildPhase;
			buildActionMask = 2147483647;
			files = (
				1FE2676D2BEB788D00B360F5 /* ScrumdingerTests.swift in Sources */,
			);
			runOnlyForDeploymentPostprocessing = 0;
		};
		1FE2676E2BEB788D00B360F5 /* Sources */ = {
			isa = PBXSourcesBuildPhase;
			buildActionMask = 2147483647;
			files = (
				1FE267792BEB788D00B360F5 /* ScrumdingerUITestsLaunchTests.swift in Sources */,
				1FE267772BEB788D00B360F5 /* ScrumdingerUITests.swift in Sources */,
			);
			runOnlyForDeploymentPostprocessing = 0;
		};
/* End PBXSourcesBuildPhase section */

/* Begin PBXTargetDependency section */
		1FE2676A2BEB788D00B360F5 /* PBXTargetDependency */ = {
			isa = PBXTargetDependency;
			target = 1FE267572BEB788C00B360F5 /* Scrumdinger */;
			targetProxy = 1FE267692BEB788D00B360F5 /* PBXContainerItemProxy */;
		};
		1FE267742BEB788D00B360F5 /* PBXTargetDependency */ = {
			isa = PBXTargetDependency;
			target = 1FE267572BEB788C00B360F5 /* Scrumdinger */;
			targetProxy = 1FE267732BEB788D00B360F5 /* PBXContainerItemProxy */;
		};
/* End PBXTargetDependency section */

/* Begin XCBuildConfiguration section */
		1FE2677A2BEB788D00B360F5 /* Debug */ = {
			isa = XCBuildConfiguration;
			buildSettings = {
				ALWAYS_SEARCH_USER_PATHS = NO;
				ASSETCATALOG_COMPILER_GENERATE_SWIFT_ASSET_SYMBOL_EXTENSIONS = YES;
				CLANG_ANALYZER_NONNULL = YES;
				CLANG_ANALYZER_NUMBER_OBJECT_CONVERSION = YES_AGGRESSIVE;
				CLANG_CXX_LANGUAGE_STANDARD = "gnu++20";
				CLANG_ENABLE_MODULES = YES;
				CLANG_ENABLE_OBJC_ARC = YES;
				CLANG_ENABLE_OBJC_WEAK = YES;
				CLANG_WARN_BLOCK_CAPTURE_AUTORELEASING = YES;
				CLANG_WARN_BOOL_CONVERSION = YES;
				CLANG_WARN_COMMA = YES;
				CLANG_WARN_CONSTANT_CONVERSION = YES;
				CLANG_WARN_DEPRECATED_OBJC_IMPLEMENTATIONS = YES;
				CLANG_WARN_DIRECT_OBJC_ISA_USAGE = YES_ERROR;
				CLANG_WARN_DOCUMENTATION_COMMENTS = YES;
				CLANG_WARN_EMPTY_BODY = YES;
				CLANG_WARN_ENUM_CONVERSION = YES;
				CLANG_WARN_INFINITE_RECURSION = YES;
				CLANG_WARN_INT_CONVERSION = YES;
				CLANG_WARN_NON_LITERAL_NULL_CONVERSION = YES;
				CLANG_WARN_OBJC_IMPLICIT_RETAIN_SELF = YES;
				CLANG_WARN_OBJC_LITERAL_CONVERSION = YES;
				CLANG_WARN_OBJC_ROOT_CLASS = YES_ERROR;
				CLANG_WARN_QUOTED_INCLUDE_IN_FRAMEWORK_HEADER = YES;
				CLANG_WARN_RANGE_LOOP_ANALYSIS = YES;
				CLANG_WARN_STRICT_PROTOTYPES = YES;
				CLANG_WARN_SUSPICIOUS_MOVE = YES;
				CLANG_WARN_UNGUARDED_AVAILABILITY = YES_AGGRESSIVE;
				CLANG_WARN_UNREACHABLE_CODE = YES;
				CLANG_WARN__DUPLICATE_METHOD_MATCH = YES;
				COPY_PHASE_STRIP = NO;
				DEBUG_INFORMATION_FORMAT = dwarf;
				ENABLE_STRICT_OBJC_MSGSEND = YES;
				ENABLE_TESTABILITY = YES;
				ENABLE_USER_SCRIPT_SANDBOXING = YES;
				GCC_C_LANGUAGE_STANDARD = gnu17;
				GCC_DYNAMIC_NO_PIC = NO;
				GCC_NO_COMMON_BLOCKS = YES;
				GCC_OPTIMIZATION_LEVEL = 0;
				GCC_PREPROCESSOR_DEFINITIONS = (
					"DEBUG=1",
					"$(inherited)",
				);
				GCC_WARN_64_TO_32_BIT_CONVERSION = YES;
				GCC_WARN_ABOUT_RETURN_TYPE = YES_ERROR;
				GCC_WARN_UNDECLARED_SELECTOR = YES;
				GCC_WARN_UNINITIALIZED_AUTOS = YES_AGGRESSIVE;
				GCC_WARN_UNUSED_FUNCTION = YES;
				GCC_WARN_UNUSED_VARIABLE = YES;
				IPHONEOS_DEPLOYMENT_TARGET = 17.4;
				LOCALIZATION_PREFERS_STRING_CATALOGS = YES;
				MTL_ENABLE_DEBUG_INFO = INCLUDE_SOURCE;
				MTL_FAST_MATH = YES;
				ONLY_ACTIVE_ARCH = YES;
				SDKROOT = iphoneos;
				SWIFT_ACTIVE_COMPILATION_CONDITIONS = "DEBUG $(inherited)";
				SWIFT_OPTIMIZATION_LEVEL = "-Onone";
			};
			name = Debug;
		};
		1FE2677B2BEB788D00B360F5 /* Release */ = {
			isa = XCBuildConfiguration;
			buildSettings = {
				ALWAYS_SEARCH_USER_PATHS = NO;
				ASSETCATALOG_COMPILER_GENERATE_SWIFT_ASSET_SYMBOL_EXTENSIONS = YES;
				CLANG_ANALYZER_NONNULL = YES;
				CLANG_ANALYZER_NUMBER_OBJECT_CONVERSION = YES_AGGRESSIVE;
				CLANG_CXX_LANGUAGE_STANDARD = "gnu++20";
				CLANG_ENABLE_MODULES = YES;
				CLANG_ENABLE_OBJC_ARC = YES;
				CLANG_ENABLE_OBJC_WEAK = YES;
				CLANG_WARN_BLOCK_CAPTURE_AUTORELEASING = YES;
				CLANG_WARN_BOOL_CONVERSION = YES;
				CLANG_WARN_COMMA = YES;
				CLANG_WARN_CONSTANT_CONVERSION = YES;
				CLANG_WARN_DEPRECATED_OBJC_IMPLEMENTATIONS = YES;
				CLANG_WARN_DIRECT_OBJC_ISA_USAGE = YES_ERROR;
				CLANG_WARN_DOCUMENTATION_COMMENTS = YES;
				CLANG_WARN_EMPTY_BODY = YES;
				CLANG_WARN_ENUM_CONVERSION = YES;
				CLANG_WARN_INFINITE_RECURSION = YES;
				CLANG_WARN_INT_CONVERSION = YES;
				CLANG_WARN_NON_LITERAL_NULL_CONVERSION = YES;
				CLANG_WARN_OBJC_IMPLICIT_RETAIN_SELF = YES;
				CLANG_WARN_OBJC_LITERAL_CONVERSION = YES;
				CLANG_WARN_OBJC_ROOT_CLASS = YES_ERROR;
				CLANG_WARN_QUOTED_INCLUDE_IN_FRAMEWORK_HEADER = YES;
				CLANG_WARN_RANGE_LOOP_ANALYSIS = YES;
				CLANG_WARN_STRICT_PROTOTYPES = YES;
				CLANG_WARN_SUSPICIOUS_MOVE = YES;
				CLANG_WARN_UNGUARDED_AVAILABILITY = YES_AGGRESSIVE;
				CLANG_WARN_UNREACHABLE_CODE = YES;
				CLANG_WARN__DUPLICATE_METHOD_MATCH = YES;
				COPY_PHASE_STRIP = NO;
				DEBUG_INFORMATION_FORMAT = "dwarf-with-dsym";
				ENABLE_NS_ASSERTIONS = NO;
				ENABLE_STRICT_OBJC_MSGSEND = YES;
				ENABLE_USER_SCRIPT_SANDBOXING = YES;
				GCC_C_LANGUAGE_STANDARD = gnu17;
				GCC_NO_COMMON_BLOCKS = YES;
				GCC_WARN_64_TO_32_BIT_CONVERSION = YES;
				GCC_WARN_ABOUT_RETURN_TYPE = YES_ERROR;
				GCC_WARN_UNDECLARED_SELECTOR = YES;
				GCC_WARN_UNINITIALIZED_AUTOS = YES_AGGRESSIVE;
				GCC_WARN_UNUSED_FUNCTION = YES;
				GCC_WARN_UNUSED_VARIABLE = YES;
				IPHONEOS_DEPLOYMENT_TARGET = 17.4;
				LOCALIZATION_PREFERS_STRING_CATALOGS = YES;
				MTL_ENABLE_DEBUG_INFO = NO;
				MTL_FAST_MATH = YES;
				SDKROOT = iphoneos;
				SWIFT_COMPILATION_MODE = wholemodule;
				VALIDATE_PRODUCT = YES;
			};
			name = Release;
		};
		1FE2677D2BEB788D00B360F5 /* Debug */ = {
			isa = XCBuildConfiguration;
			buildSettings = {
				ASSETCATALOG_COMPILER_APPICON_NAME = AppIcon;
				ASSETCATALOG_COMPILER_GLOBAL_ACCENT_COLOR_NAME = AccentColor;
				CODE_SIGN_STYLE = Automatic;
				CURRENT_PROJECT_VERSION = 1;
				DEVELOPMENT_ASSET_PATHS = "\"Scrumdinger/Preview Content\"";
				DEVELOPMENT_TEAM = D94QMKWGHX;
				ENABLE_PREVIEWS = YES;
				GENERATE_INFOPLIST_FILE = YES;
				INFOPLIST_KEY_UIApplicationSceneManifest_Generation = YES;
				INFOPLIST_KEY_UIApplicationSupportsIndirectInputEvents = YES;
				INFOPLIST_KEY_UILaunchScreen_Generation = YES;
				INFOPLIST_KEY_UISupportedInterfaceOrientations_iPad = "UIInterfaceOrientationPortrait UIInterfaceOrientationPortraitUpsideDown UIInterfaceOrientationLandscapeLeft UIInterfaceOrientationLandscapeRight";
				INFOPLIST_KEY_UISupportedInterfaceOrientations_iPhone = "UIInterfaceOrientationPortrait UIInterfaceOrientationLandscapeLeft UIInterfaceOrientationLandscapeRight";
				LD_RUNPATH_SEARCH_PATHS = (
					"$(inherited)",
					"@executable_path/Frameworks",
				);
				MARKETING_VERSION = 1.0;
				PRODUCT_BUNDLE_IDENTIFIER = com.zhangmx.Scrumdinger;
				PRODUCT_NAME = "$(TARGET_NAME)";
				SWIFT_EMIT_LOC_STRINGS = YES;
				SWIFT_VERSION = 5.0;
				TARGETED_DEVICE_FAMILY = "1,2";
			};
			name = Debug;
		};
		1FE2677E2BEB788D00B360F5 /* Release */ = {
			isa = XCBuildConfiguration;
			buildSettings = {
				ASSETCATALOG_COMPILER_APPICON_NAME = AppIcon;
				ASSETCATALOG_COMPILER_GLOBAL_ACCENT_COLOR_NAME = AccentColor;
				CODE_SIGN_STYLE = Automatic;
				CURRENT_PROJECT_VERSION = 1;
				DEVELOPMENT_ASSET_PATHS = "\"Scrumdinger/Preview Content\"";
				DEVELOPMENT_TEAM = D94QMKWGHX;
				ENABLE_PREVIEWS = YES;
				GENERATE_INFOPLIST_FILE = YES;
				INFOPLIST_KEY_UIApplicationSceneManifest_Generation = YES;
				INFOPLIST_KEY_UIApplicationSupportsIndirectInputEvents = YES;
				INFOPLIST_KEY_UILaunchScreen_Generation = YES;
				INFOPLIST_KEY_UISupportedInterfaceOrientations_iPad = "UIInterfaceOrientationPortrait UIInterfaceOrientationPortraitUpsideDown UIInterfaceOrientationLandscapeLeft UIInterfaceOrientationLandscapeRight";
				INFOPLIST_KEY_UISupportedInterfaceOrientations_iPhone = "UIInterfaceOrientationPortrait UIInterfaceOrientationLandscapeLeft UIInterfaceOrientationLandscapeRight";
				LD_RUNPATH_SEARCH_PATHS = (
					"$(inherited)",
					"@executable_path/Frameworks",
				);
				MARKETING_VERSION = 1.0;
				PRODUCT_BUNDLE_IDENTIFIER = com.zhangmx.Scrumdinger;
				PRODUCT_NAME = "$(TARGET_NAME)";
				SWIFT_EMIT_LOC_STRINGS = YES;
				SWIFT_VERSION = 5.0;
				TARGETED_DEVICE_FAMILY = "1,2";
			};
			name = Release;
		};
		1FE267802BEB788D00B360F5 /* Debug */ = {
			isa = XCBuildConfiguration;
			buildSettings = {
				ALWAYS_EMBED_SWIFT_STANDARD_LIBRARIES = YES;
				BUNDLE_LOADER = "$(TEST_HOST)";
				CODE_SIGN_STYLE = Automatic;
				CURRENT_PROJECT_VERSION = 1;
				DEVELOPMENT_TEAM = D94QMKWGHX;
				GENERATE_INFOPLIST_FILE = YES;
				IPHONEOS_DEPLOYMENT_TARGET = 17.4;
				MARKETING_VERSION = 1.0;
				PRODUCT_BUNDLE_IDENTIFIER = com.zhangmx.ScrumdingerTests;
				PRODUCT_NAME = "$(TARGET_NAME)";
				SWIFT_EMIT_LOC_STRINGS = NO;
				SWIFT_VERSION = 5.0;
				TARGETED_DEVICE_FAMILY = "1,2";
				TEST_HOST = "$(BUILT_PRODUCTS_DIR)/Scrumdinger.app/$(BUNDLE_EXECUTABLE_FOLDER_PATH)/Scrumdinger";
			};
			name = Debug;
		};
		1FE267812BEB788D00B360F5 /* Release */ = {
			isa = XCBuildConfiguration;
			buildSettings = {
				ALWAYS_EMBED_SWIFT_STANDARD_LIBRARIES = YES;
				BUNDLE_LOADER = "$(TEST_HOST)";
				CODE_SIGN_STYLE = Automatic;
				CURRENT_PROJECT_VERSION = 1;
				DEVELOPMENT_TEAM = D94QMKWGHX;
				GENERATE_INFOPLIST_FILE = YES;
				IPHONEOS_DEPLOYMENT_TARGET = 17.4;
				MARKETING_VERSION = 1.0;
				PRODUCT_BUNDLE_IDENTIFIER = com.zhangmx.ScrumdingerTests;
				PRODUCT_NAME = "$(TARGET_NAME)";
				SWIFT_EMIT_LOC_STRINGS = NO;
				SWIFT_VERSION = 5.0;
				TARGETED_DEVICE_FAMILY = "1,2";
				TEST_HOST = "$(BUILT_PRODUCTS_DIR)/Scrumdinger.app/$(BUNDLE_EXECUTABLE_FOLDER_PATH)/Scrumdinger";
			};
			name = Release;
		};
		1FE267832BEB788D00B360F5 /* Debug */ = {
			isa = XCBuildConfiguration;
			buildSettings = {
				ALWAYS_EMBED_SWIFT_STANDARD_LIBRARIES = YES;
				CODE_SIGN_STYLE = Automatic;
				CURRENT_PROJECT_VERSION = 1;
				DEVELOPMENT_TEAM = D94QMKWGHX;
				GENERATE_INFOPLIST_FILE = YES;
				MARKETING_VERSION = 1.0;
				PRODUCT_BUNDLE_IDENTIFIER = com.zhangmx.ScrumdingerUITests;
				PRODUCT_NAME = "$(TARGET_NAME)";
				SWIFT_EMIT_LOC_STRINGS = NO;
				SWIFT_VERSION = 5.0;
				TARGETED_DEVICE_FAMILY = "1,2";
				TEST_TARGET_NAME = Scrumdinger;
			};
			name = Debug;
		};
		1FE267842BEB788D00B360F5 /* Release */ = {
			isa = XCBuildConfiguration;
			buildSettings = {
				ALWAYS_EMBED_SWIFT_STANDARD_LIBRARIES = YES;
				CODE_SIGN_STYLE = Automatic;
				CURRENT_PROJECT_VERSION = 1;
				DEVELOPMENT_TEAM = D94QMKWGHX;
				GENERATE_INFOPLIST_FILE = YES;
				MARKETING_VERSION = 1.0;
				PRODUCT_BUNDLE_IDENTIFIER = com.zhangmx.ScrumdingerUITests;
				PRODUCT_NAME = "$(TARGET_NAME)";
				SWIFT_EMIT_LOC_STRINGS = NO;
				SWIFT_VERSION = 5.0;
				TARGETED_DEVICE_FAMILY = "1,2";
				TEST_TARGET_NAME = Scrumdinger;
			};
			name = Release;
		};
/* End XCBuildConfiguration section */

/* Begin XCConfigurationList section */
		1FE267532BEB788C00B360F5 /* Build configuration list for PBXProject "Scrumdinger" */ = {
			isa = XCConfigurationList;
			buildConfigurations = (
				1FE2677A2BEB788D00B360F5 /* Debug */,
				1FE2677B2BEB788D00B360F5 /* Release */,
			);
			defaultConfigurationIsVisible = 0;
			defaultConfigurationName = Release;
		};
		1FE2677C2BEB788D00B360F5 /* Build configuration list for PBXNativeTarget "Scrumdinger" */ = {
			isa = XCConfigurationList;
			buildConfigurations = (
				1FE2677D2BEB788D00B360F5 /* Debug */,
				1FE2677E2BEB788D00B360F5 /* Release */,
			);
			defaultConfigurationIsVisible = 0;
			defaultConfigurationName = Release;
		};
		1FE2677F2BEB788D00B360F5 /* Build configuration list for PBXNativeTarget "ScrumdingerTests" */ = {
			isa = XCConfigurationList;
			buildConfigurations = (
				1FE267802BEB788D00B360F5 /* Debug */,
				1FE267812BEB788D00B360F5 /* Release */,
			);
			defaultConfigurationIsVisible = 0;
			defaultConfigurationName = Release;
		};
		1FE267822BEB788D00B360F5 /* Build configuration list for PBXNativeTarget "ScrumdingerUITests" */ = {
			isa = XCConfigurationList;
			buildConfigurations = (
				1FE267832BEB788D00B360F5 /* Debug */,
				1FE267842BEB788D00B360F5 /* Release */,
			);
			defaultConfigurationIsVisible = 0;
			defaultConfigurationName = Release;
		};
/* End XCConfigurationList section */
	};
	rootObject = 1FE267502BEB788C00B360F5 /* Project object */;
}
